// !$*UTF8*$!
{
	archiveVersion = 1;
	classes = {
	};
	objectVersion = 50;
	objects = {

/* Begin PBXBuildFile section */
		210395DF22D4D3E600ABD634 /* GalleryPhotoViewTransition.swift in Sources */ = {isa = PBXBuildFile; fileRef = 210395DE22D4D3E600ABD634 /* GalleryPhotoViewTransition.swift */; };
		210EFA4722D64C3300200D24 /* PhotoService.swift in Sources */ = {isa = PBXBuildFile; fileRef = 210EFA4622D64C3300200D24 /* PhotoService.swift */; };
		210EFA4C22D6578900200D24 /* Photo.swift in Sources */ = {isa = PBXBuildFile; fileRef = 210EFA4B22D6578900200D24 /* Photo.swift */; };
		210EFA4E22D65A3700200D24 /* User.swift in Sources */ = {isa = PBXBuildFile; fileRef = 210EFA4D22D65A3700200D24 /* User.swift */; };
		210EFA5022D65A5E00200D24 /* Urls.swift in Sources */ = {isa = PBXBuildFile; fileRef = 210EFA4F22D65A5E00200D24 /* Urls.swift */; };
		21B920B522D877AB00954498 /* PhotoInteractor.swift in Sources */ = {isa = PBXBuildFile; fileRef = 21B920B422D877AB00954498 /* PhotoInteractor.swift */; };
		21B920B922D8C32600954498 /* UIAlertController.swift in Sources */ = {isa = PBXBuildFile; fileRef = 21B920B822D8C32600954498 /* UIAlertController.swift */; };
		21B920BB22D8C36100954498 /* UIImageView.swift in Sources */ = {isa = PBXBuildFile; fileRef = 21B920BA22D8C36100954498 /* UIImageView.swift */; };
		21BBDA7322D200F9007EC462 /* AppDelegate.swift in Sources */ = {isa = PBXBuildFile; fileRef = 21BBDA7222D200F9007EC462 /* AppDelegate.swift */; };
		21BBDA7522D200F9007EC462 /* GalleryViewController.swift in Sources */ = {isa = PBXBuildFile; fileRef = 21BBDA7422D200F9007EC462 /* GalleryViewController.swift */; };
		21BBDA7A22D200FA007EC462 /* Assets.xcassets in Resources */ = {isa = PBXBuildFile; fileRef = 21BBDA7922D200FA007EC462 /* Assets.xcassets */; };
		21BBDA7D22D200FA007EC462 /* LaunchScreen.storyboard in Resources */ = {isa = PBXBuildFile; fileRef = 21BBDA7B22D200FA007EC462 /* LaunchScreen.storyboard */; };
		21BBDA8522D20B0F007EC462 /* GalleryViewLayout.swift in Sources */ = {isa = PBXBuildFile; fileRef = 21BBDA8422D20B0F007EC462 /* GalleryViewLayout.swift */; };
		21BBDA8822D2106E007EC462 /* GalleryViewCell.swift in Sources */ = {isa = PBXBuildFile; fileRef = 21BBDA8722D2106E007EC462 /* GalleryViewCell.swift */; };
		21BBDA8B22D21F1C007EC462 /* PhotoViewController.swift in Sources */ = {isa = PBXBuildFile; fileRef = 21BBDA8A22D21F1C007EC462 /* PhotoViewController.swift */; };
		21BBDA8D22D21FA2007EC462 /* PhotoViewCell.swift in Sources */ = {isa = PBXBuildFile; fileRef = 21BBDA8C22D21FA2007EC462 /* PhotoViewCell.swift */; };
		21C3FE9A22D5A3FC00E5C2BD /* GalleryPhotoViewInteractiveTransition.swift in Sources */ = {isa = PBXBuildFile; fileRef = 21C3FE9922D5A3FC00E5C2BD /* GalleryPhotoViewInteractiveTransition.swift */; };
/* End PBXBuildFile section */

/* Begin PBXFileReference section */
		210395DE22D4D3E600ABD634 /* GalleryPhotoViewTransition.swift */ = {isa = PBXFileReference; lastKnownFileType = sourcecode.swift; path = GalleryPhotoViewTransition.swift; sourceTree = "<group>"; };
		210EFA4622D64C3300200D24 /* PhotoService.swift */ = {isa = PBXFileReference; lastKnownFileType = sourcecode.swift; path = PhotoService.swift; sourceTree = "<group>"; };
		210EFA4B22D6578900200D24 /* Photo.swift */ = {isa = PBXFileReference; lastKnownFileType = sourcecode.swift; path = Photo.swift; sourceTree = "<group>"; };
		210EFA4D22D65A3700200D24 /* User.swift */ = {isa = PBXFileReference; lastKnownFileType = sourcecode.swift; path = User.swift; sourceTree = "<group>"; };
		210EFA4F22D65A5E00200D24 /* Urls.swift */ = {isa = PBXFileReference; lastKnownFileType = sourcecode.swift; path = Urls.swift; sourceTree = "<group>"; };
		21B920B422D877AB00954498 /* PhotoInteractor.swift */ = {isa = PBXFileReference; lastKnownFileType = sourcecode.swift; path = PhotoInteractor.swift; sourceTree = "<group>"; };
		21B920B822D8C32600954498 /* UIAlertController.swift */ = {isa = PBXFileReference; lastKnownFileType = sourcecode.swift; path = UIAlertController.swift; sourceTree = "<group>"; };
		21B920BA22D8C36100954498 /* UIImageView.swift */ = {isa = PBXFileReference; lastKnownFileType = sourcecode.swift; path = UIImageView.swift; sourceTree = "<group>"; };
		21BBDA6F22D200F9007EC462 /* Look At This.app */ = {isa = PBXFileReference; explicitFileType = wrapper.application; includeInIndex = 0; path = "Look At This.app"; sourceTree = BUILT_PRODUCTS_DIR; };
		21BBDA7222D200F9007EC462 /* AppDelegate.swift */ = {isa = PBXFileReference; lastKnownFileType = sourcecode.swift; path = AppDelegate.swift; sourceTree = "<group>"; };
		21BBDA7422D200F9007EC462 /* GalleryViewController.swift */ = {isa = PBXFileReference; lastKnownFileType = sourcecode.swift; path = GalleryViewController.swift; sourceTree = "<group>"; };
		21BBDA7922D200FA007EC462 /* Assets.xcassets */ = {isa = PBXFileReference; lastKnownFileType = folder.assetcatalog; path = Assets.xcassets; sourceTree = "<group>"; };
		21BBDA7C22D200FA007EC462 /* Base */ = {isa = PBXFileReference; lastKnownFileType = file.storyboard; name = Base; path = Base.lproj/LaunchScreen.storyboard; sourceTree = "<group>"; };
		21BBDA7E22D200FA007EC462 /* Info.plist */ = {isa = PBXFileReference; lastKnownFileType = text.plist.xml; path = Info.plist; sourceTree = "<group>"; };
		21BBDA8422D20B0F007EC462 /* GalleryViewLayout.swift */ = {isa = PBXFileReference; lastKnownFileType = sourcecode.swift; path = GalleryViewLayout.swift; sourceTree = "<group>"; };
		21BBDA8722D2106E007EC462 /* GalleryViewCell.swift */ = {isa = PBXFileReference; lastKnownFileType = sourcecode.swift; path = GalleryViewCell.swift; sourceTree = "<group>"; };
		21BBDA8A22D21F1C007EC462 /* PhotoViewController.swift */ = {isa = PBXFileReference; lastKnownFileType = sourcecode.swift; path = PhotoViewController.swift; sourceTree = "<group>"; };
		21BBDA8C22D21FA2007EC462 /* PhotoViewCell.swift */ = {isa = PBXFileReference; lastKnownFileType = sourcecode.swift; path = PhotoViewCell.swift; sourceTree = "<group>"; };
		21C3FE9922D5A3FC00E5C2BD /* GalleryPhotoViewInteractiveTransition.swift */ = {isa = PBXFileReference; lastKnownFileType = sourcecode.swift; path = GalleryPhotoViewInteractiveTransition.swift; sourceTree = "<group>"; };
/* End PBXFileReference section */

/* Begin PBXFrameworksBuildPhase section */
		21BBDA6C22D200F9007EC462 /* Frameworks */ = {
			isa = PBXFrameworksBuildPhase;
			buildActionMask = 2147483647;
			files = (
			);
			runOnlyForDeploymentPostprocessing = 0;
		};
/* End PBXFrameworksBuildPhase section */

/* Begin PBXGroup section */
		210EFA4422D6409300200D24 /* Transition */ = {
			isa = PBXGroup;
			children = (
				210395DE22D4D3E600ABD634 /* GalleryPhotoViewTransition.swift */,
				21C3FE9922D5A3FC00E5C2BD /* GalleryPhotoViewInteractiveTransition.swift */,
			);
			path = Transition;
			sourceTree = "<group>";
		};
		210EFA5122D65A6B00200D24 /* PhotoService */ = {
			isa = PBXGroup;
			children = (
				210EFA4622D64C3300200D24 /* PhotoService.swift */,
				21B920B422D877AB00954498 /* PhotoInteractor.swift */,
			);
			path = PhotoService;
			sourceTree = "<group>";
		};
		210EFA5222D65A8000200D24 /* Models */ = {
			isa = PBXGroup;
			children = (
				210EFA4B22D6578900200D24 /* Photo.swift */,
				210EFA4D22D65A3700200D24 /* User.swift */,
				210EFA4F22D65A5E00200D24 /* Urls.swift */,
			);
			path = Models;
			sourceTree = "<group>";
		};
		21B920B722D8C31600954498 /* Extensions */ = {
			isa = PBXGroup;
			children = (
				21B920B822D8C32600954498 /* UIAlertController.swift */,
				21B920BA22D8C36100954498 /* UIImageView.swift */,
			);
			path = Extensions;
			sourceTree = "<group>";
		};
		21BBDA6622D200F9007EC462 = {
			isa = PBXGroup;
			children = (
				21BBDA7122D200F9007EC462 /* Look At This */,
				21BBDA7022D200F9007EC462 /* Products */,
			);
			sourceTree = "<group>";
		};
		21BBDA7022D200F9007EC462 /* Products */ = {
			isa = PBXGroup;
			children = (
				21BBDA6F22D200F9007EC462 /* Look At This.app */,
			);
			name = Products;
			sourceTree = "<group>";
		};
		21BBDA7122D200F9007EC462 /* Look At This */ = {
			isa = PBXGroup;
			children = (
				21B920B722D8C31600954498 /* Extensions */,
				210EFA5222D65A8000200D24 /* Models */,
				210EFA5122D65A6B00200D24 /* PhotoService */,
				210EFA4422D6409300200D24 /* Transition */,
				21BBDA8922D21DD4007EC462 /* Photo */,
				21BBDA8622D20FFE007EC462 /* Gallery */,
				21BBDA7222D200F9007EC462 /* AppDelegate.swift */,
				21BBDA7922D200FA007EC462 /* Assets.xcassets */,
				21BBDA7B22D200FA007EC462 /* LaunchScreen.storyboard */,
				21BBDA7E22D200FA007EC462 /* Info.plist */,
			);
			path = "Look At This";
			sourceTree = "<group>";
		};
		21BBDA8622D20FFE007EC462 /* Gallery */ = {
			isa = PBXGroup;
			children = (
				21BBDA8422D20B0F007EC462 /* GalleryViewLayout.swift */,
				21BBDA7422D200F9007EC462 /* GalleryViewController.swift */,
				21BBDA8722D2106E007EC462 /* GalleryViewCell.swift */,
			);
			path = Gallery;
			sourceTree = "<group>";
		};
		21BBDA8922D21DD4007EC462 /* Photo */ = {
			isa = PBXGroup;
			children = (
				21BBDA8A22D21F1C007EC462 /* PhotoViewController.swift */,
				21BBDA8C22D21FA2007EC462 /* PhotoViewCell.swift */,
			);
			path = Photo;
			sourceTree = "<group>";
		};
/* End PBXGroup section */

/* Begin PBXNativeTarget section */
		21BBDA6E22D200F9007EC462 /* Look At This */ = {
			isa = PBXNativeTarget;
			buildConfigurationList = 21BBDA8122D200FA007EC462 /* Build configuration list for PBXNativeTarget "Look At This" */;
			buildPhases = (
				21BBDA6B22D200F9007EC462 /* Sources */,
				21BBDA6C22D200F9007EC462 /* Frameworks */,
				21BBDA6D22D200F9007EC462 /* Resources */,
			);
			buildRules = (
			);
			dependencies = (
			);
			name = "Look At This";
			productName = "Look At This";
			productReference = 21BBDA6F22D200F9007EC462 /* Look At This.app */;
			productType = "com.apple.product-type.application";
		};
/* End PBXNativeTarget section */

/* Begin PBXProject section */
		21BBDA6722D200F9007EC462 /* Project object */ = {
			isa = PBXProject;
			attributes = {
				LastSwiftUpdateCheck = 1020;
				LastUpgradeCheck = 1020;
				TargetAttributes = {
					21BBDA6E22D200F9007EC462 = {
						CreatedOnToolsVersion = 10.2.1;
					};
				};
			};
			buildConfigurationList = 21BBDA6A22D200F9007EC462 /* Build configuration list for PBXProject "Look At This" */;
			compatibilityVersion = "Xcode 9.3";
			developmentRegion = en;
			hasScannedForEncodings = 0;
			knownRegions = (
				en,
				Base,
			);
			mainGroup = 21BBDA6622D200F9007EC462;
			productRefGroup = 21BBDA7022D200F9007EC462 /* Products */;
			projectDirPath = "";
			projectRoot = "";
			targets = (
				21BBDA6E22D200F9007EC462 /* Look At This */,
			);
		};
/* End PBXProject section */

/* Begin PBXResourcesBuildPhase section */
		21BBDA6D22D200F9007EC462 /* Resources */ = {
			isa = PBXResourcesBuildPhase;
			buildActionMask = 2147483647;
			files = (
				21BBDA7D22D200FA007EC462 /* LaunchScreen.storyboard in Resources */,
				21BBDA7A22D200FA007EC462 /* Assets.xcassets in Resources */,
			);
			runOnlyForDeploymentPostprocessing = 0;
		};
/* End PBXResourcesBuildPhase section */

/* Begin PBXSourcesBuildPhase section */
		21BBDA6B22D200F9007EC462 /* Sources */ = {
			isa = PBXSourcesBuildPhase;
			buildActionMask = 2147483647;
			files = (
				21BBDA7522D200F9007EC462 /* GalleryViewController.swift in Sources */,
				21B920BB22D8C36100954498 /* UIImageView.swift in Sources */,
				21BBDA7322D200F9007EC462 /* AppDelegate.swift in Sources */,
				21BBDA8B22D21F1C007EC462 /* PhotoViewController.swift in Sources */,
				210EFA5022D65A5E00200D24 /* Urls.swift in Sources */,
				21BBDA8522D20B0F007EC462 /* GalleryViewLayout.swift in Sources */,
				21B920B522D877AB00954498 /* PhotoInteractor.swift in Sources */,
				210EFA4C22D6578900200D24 /* Photo.swift in Sources */,
				210EFA4722D64C3300200D24 /* PhotoService.swift in Sources */,
				21C3FE9A22D5A3FC00E5C2BD /* GalleryPhotoViewInteractiveTransition.swift in Sources */,
				21BBDA8822D2106E007EC462 /* GalleryViewCell.swift in Sources */,
				21B920B922D8C32600954498 /* UIAlertController.swift in Sources */,
				210395DF22D4D3E600ABD634 /* GalleryPhotoViewTransition.swift in Sources */,
				21BBDA8D22D21FA2007EC462 /* PhotoViewCell.swift in Sources */,
				210EFA4E22D65A3700200D24 /* User.swift in Sources */,
			);
			runOnlyForDeploymentPostprocessing = 0;
		};
/* End PBXSourcesBuildPhase section */

/* Begin PBXVariantGroup section */
		21BBDA7B22D200FA007EC462 /* LaunchScreen.storyboard */ = {
			isa = PBXVariantGroup;
			children = (
				21BBDA7C22D200FA007EC462 /* Base */,
			);
			name = LaunchScreen.storyboard;
			sourceTree = "<group>";
		};
/* End PBXVariantGroup section */

/* Begin XCBuildConfiguration section */
		21BBDA7F22D200FA007EC462 /* Debug */ = {
			isa = XCBuildConfiguration;
			buildSettings = {
				ALWAYS_SEARCH_USER_PATHS = NO;
				CLANG_ANALYZER_NONNULL = YES;
				CLANG_ANALYZER_NUMBER_OBJECT_CONVERSION = YES_AGGRESSIVE;
				CLANG_CXX_LANGUAGE_STANDARD = "gnu++14";
				CLANG_CXX_LIBRARY = "libc++";
				CLANG_ENABLE_MODULES = YES;
				CLANG_ENABLE_OBJC_ARC = YES;
				CLANG_ENABLE_OBJC_WEAK = YES;
				CLANG_WARN_BLOCK_CAPTURE_AUTORELEASING = YES;
				CLANG_WARN_BOOL_CONVERSION = YES;
				CLANG_WARN_COMMA = YES;
				CLANG_WARN_CONSTANT_CONVERSION = YES;
				CLANG_WARN_DEPRECATED_OBJC_IMPLEMENTATIONS = YES;
				CLANG_WARN_DIRECT_OBJC_ISA_USAGE = YES_ERROR;
				CLANG_WARN_DOCUMENTATION_COMMENTS = YES;
				CLANG_WARN_EMPTY_BODY = YES;
				CLANG_WARN_ENUM_CONVERSION = YES;
				CLANG_WARN_INFINITE_RECURSION = YES;
				CLANG_WARN_INT_CONVERSION = YES;
				CLANG_WARN_NON_LITERAL_NULL_CONVERSION = YES;
				CLANG_WARN_OBJC_IMPLICIT_RETAIN_SELF = YES;
				CLANG_WARN_OBJC_LITERAL_CONVERSION = YES;
				CLANG_WARN_OBJC_ROOT_CLASS = YES_ERROR;
				CLANG_WARN_RANGE_LOOP_ANALYSIS = YES;
				CLANG_WARN_STRICT_PROTOTYPES = YES;
				CLANG_WARN_SUSPICIOUS_MOVE = YES;
				CLANG_WARN_UNGUARDED_AVAILABILITY = YES_AGGRESSIVE;
				CLANG_WARN_UNREACHABLE_CODE = YES;
				CLANG_WARN__DUPLICATE_METHOD_MATCH = YES;
				CODE_SIGN_IDENTITY = "iPhone Developer";
				COPY_PHASE_STRIP = NO;
				DEBUG_INFORMATION_FORMAT = dwarf;
				ENABLE_STRICT_OBJC_MSGSEND = YES;
				ENABLE_TESTABILITY = YES;
				GCC_C_LANGUAGE_STANDARD = gnu11;
				GCC_DYNAMIC_NO_PIC = NO;
				GCC_NO_COMMON_BLOCKS = YES;
				GCC_OPTIMIZATION_LEVEL = 0;
				GCC_PREPROCESSOR_DEFINITIONS = (
					"DEBUG=1",
					"$(inherited)",
				);
				GCC_WARN_64_TO_32_BIT_CONVERSION = YES;
				GCC_WARN_ABOUT_RETURN_TYPE = YES_ERROR;
				GCC_WARN_UNDECLARED_SELECTOR = YES;
				GCC_WARN_UNINITIALIZED_AUTOS = YES_AGGRESSIVE;
				GCC_WARN_UNUSED_FUNCTION = YES;
				GCC_WARN_UNUSED_VARIABLE = YES;
				IPHONEOS_DEPLOYMENT_TARGET = 12.2;
				MTL_ENABLE_DEBUG_INFO = INCLUDE_SOURCE;
				MTL_FAST_MATH = YES;
				ONLY_ACTIVE_ARCH = YES;
				SDKROOT = iphoneos;
				SWIFT_ACTIVE_COMPILATION_CONDITIONS = DEBUG;
				SWIFT_OPTIMIZATION_LEVEL = "-Onone";
			};
			name = Debug;
		};
		21BBDA8022D200FA007EC462 /* Release */ = {
			isa = XCBuildConfiguration;
			buildSettings = {
				ALWAYS_SEARCH_USER_PATHS = NO;
				CLANG_ANALYZER_NONNULL = YES;
				CLANG_ANALYZER_NUMBER_OBJECT_CONVERSION = YES_AGGRESSIVE;
				CLANG_CXX_LANGUAGE_STANDARD = "gnu++14";
				CLANG_CXX_LIBRARY = "libc++";
				CLANG_ENABLE_MODULES = YES;
				CLANG_ENABLE_OBJC_ARC = YES;
				CLANG_ENABLE_OBJC_WEAK = YES;
				CLANG_WARN_BLOCK_CAPTURE_AUTORELEASING = YES;
				CLANG_WARN_BOOL_CONVERSION = YES;
				CLANG_WARN_COMMA = YES;
				CLANG_WARN_CONSTANT_CONVERSION = YES;
				CLANG_WARN_DEPRECATED_OBJC_IMPLEMENTATIONS = YES;
				CLANG_WARN_DIRECT_OBJC_ISA_USAGE = YES_ERROR;
				CLANG_WARN_DOCUMENTATION_COMMENTS = YES;
				CLANG_WARN_EMPTY_BODY = YES;
				CLANG_WARN_ENUM_CONVERSION = YES;
				CLANG_WARN_INFINITE_RECURSION = YES;
				CLANG_WARN_INT_CONVERSION = YES;
				CLANG_WARN_NON_LITERAL_NULL_CONVERSION = YES;
				CLANG_WARN_OBJC_IMPLICIT_RETAIN_SELF = YES;
				CLANG_WARN_OBJC_LITERAL_CONVERSION = YES;
				CLANG_WARN_OBJC_ROOT_CLASS = YES_ERROR;
				CLANG_WARN_RANGE_LOOP_ANALYSIS = YES;
				CLANG_WARN_STRICT_PROTOTYPES = YES;
				CLANG_WARN_SUSPICIOUS_MOVE = YES;
				CLANG_WARN_UNGUARDED_AVAILABILITY = YES_AGGRESSIVE;
				CLANG_WARN_UNREACHABLE_CODE = YES;
				CLANG_WARN__DUPLICATE_METHOD_MATCH = YES;
				CODE_SIGN_IDENTITY = "iPhone Developer";
				COPY_PHASE_STRIP = NO;
				DEBUG_INFORMATION_FORMAT = "dwarf-with-dsym";
				ENABLE_NS_ASSERTIONS = NO;
				ENABLE_STRICT_OBJC_MSGSEND = YES;
				GCC_C_LANGUAGE_STANDARD = gnu11;
				GCC_NO_COMMON_BLOCKS = YES;
				GCC_WARN_64_TO_32_BIT_CONVERSION = YES;
				GCC_WARN_ABOUT_RETURN_TYPE = YES_ERROR;
				GCC_WARN_UNDECLARED_SELECTOR = YES;
				GCC_WARN_UNINITIALIZED_AUTOS = YES_AGGRESSIVE;
				GCC_WARN_UNUSED_FUNCTION = YES;
				GCC_WARN_UNUSED_VARIABLE = YES;
				IPHONEOS_DEPLOYMENT_TARGET = 12.2;
				MTL_ENABLE_DEBUG_INFO = NO;
				MTL_FAST_MATH = YES;
				SDKROOT = iphoneos;
				SWIFT_COMPILATION_MODE = wholemodule;
				SWIFT_OPTIMIZATION_LEVEL = "-O";
				VALIDATE_PRODUCT = YES;
			};
			name = Release;
		};
		21BBDA8222D200FA007EC462 /* Debug */ = {
			isa = XCBuildConfiguration;
			buildSettings = {
				ASSETCATALOG_COMPILER_APPICON_NAME = AppIcon;
				CODE_SIGN_STYLE = Automatic;
				DEVELOPMENT_TEAM = W3994TMCX8;
				INFOPLIST_FILE = "Look At This/Info.plist";
				IPHONEOS_DEPLOYMENT_TARGET = 11.4;
				LD_RUNPATH_SEARCH_PATHS = (
					"$(inherited)",
					"@executable_path/Frameworks",
				);
				PRODUCT_BUNDLE_IDENTIFIER = "ru.appsaucekitchen.Look-At-This";
				PRODUCT_NAME = "$(TARGET_NAME)";
				SWIFT_VERSION = 5.0;
				TARGETED_DEVICE_FAMILY = 1;
			};
			name = Debug;
		};
		21BBDA8322D200FA007EC462 /* Release */ = {
			isa = XCBuildConfiguration;
			buildSettings = {
				ASSETCATALOG_COMPILER_APPICON_NAME = AppIcon;
				CODE_SIGN_STYLE = Automatic;
				DEVELOPMENT_TEAM = W3994TMCX8;
				INFOPLIST_FILE = "Look At This/Info.plist";
				IPHONEOS_DEPLOYMENT_TARGET = 11.4;
				LD_RUNPATH_SEARCH_PATHS = (
					"$(inherited)",
					"@executable_path/Frameworks",
				);
				PRODUCT_BUNDLE_IDENTIFIER = "ru.appsaucekitchen.Look-At-This";
				PRODUCT_NAME = "$(TARGET_NAME)";
				SWIFT_VERSION = 5.0;
				TARGETED_DEVICE_FAMILY = 1;
			};
			name = Release;
		};
/* End XCBuildConfiguration section */

/* Begin XCConfigurationList section */
		21BBDA6A22D200F9007EC462 /* Build configuration list for PBXProject "Look At This" */ = {
			isa = XCConfigurationList;
			buildConfigurations = (
				21BBDA7F22D200FA007EC462 /* Debug */,
				21BBDA8022D200FA007EC462 /* Release */,
			);
			defaultConfigurationIsVisible = 0;
			defaultConfigurationName = Release;
		};
		21BBDA8122D200FA007EC462 /* Build configuration list for PBXNativeTarget "Look At This" */ = {
			isa = XCConfigurationList;
			buildConfigurations = (
				21BBDA8222D200FA007EC462 /* Debug */,
				21BBDA8322D200FA007EC462 /* Release */,
			);
			defaultConfigurationIsVisible = 0;
			defaultConfigurationName = Release;
		};
/* End XCConfigurationList section */
	};
	rootObject = 21BBDA6722D200F9007EC462 /* Project object */;
}
